
Microsoft Visual Studio Solution File, Format Version 12.00
# Visual Studio 15
VisualStudioVersion = 15.0.28307.102
MinimumVisualStudioVersion = 10.0.40219.1
Project("{FAE04EC0-301F-11D3-BF4B-00C04F79EFBC}") = "LissajousTable", "LissajousTable\LissajousTable.csproj", "{C1575B1F-6C21-4E01-80A3-9461DDFB62D9}"
EndProject
Global
	GlobalSection(SolutionConfigurationPlatforms) = preSolution
		Debug|Any CPU = Debug|Any CPU
		Release|Any CPU = Release|Any CPU
	EndGlobalSection
	GlobalSection(ProjectConfigurationPlatforms) = postSolution
		{C1575B1F-6C21-4E01-80A3-9461DDFB62D9}.Debug|Any CPU.ActiveCfg = Debug|Any CPU
		{C1575B1F-6C21-4E01-80A3-9461DDFB62D9}.Debug|Any CPU.Build.0 = Debug|Any CPU
		{C1575B1F-6C21-4E01-80A3-9461DDFB62D9}.Release|Any CPU.ActiveCfg = Release|Any CPU
		{C1575B1F-6C21-4E01-80A3-9461DDFB62D9}.Release|Any CPU.Build.0 = Release|Any CPU
	EndGlobalSection
	GlobalSection(SolutionProperties) = preSolution
		HideSolutionNode = FALSE
	EndGlobalSection
	GlobalSection(ExtensibilityGlobals) = postSolution
		SolutionGuid = {8A34BC6D-3F69-41C1-94E4-B4864300E12E}
	EndGlobalSection
EndGlobal
